schema: '2.0'
stages:
  generate:
    cmd: python -m automated_support_ticket_classification.data.generate
    deps:
    - path: src/automated_support_ticket_classification/config.py
      hash: md5
      md5: 3b71eae35bffff3c5eb9f4e71af0cbfb
      size: 2895
    - path: src/automated_support_ticket_classification/data/banking77.py
      hash: md5
      md5: 4bac14781a214deb7cbf0391b5bd3095
      size: 9041
    - path: src/automated_support_ticket_classification/data/generate.py
      hash: md5
      md5: 953c9a3d3cf18e94718a385905599d3a
      size: 4342
    - path: src/automated_support_ticket_classification/logger.py
      hash: md5
      md5: a37c008c162778b6c6ed86a6f448e526
      size: 631
    params:
      params.yaml:
        data.n_samples: 3000
        data.random_state: 42
        data.source: banking77
    outs:
    - path: data/raw/tickets.csv
      hash: md5
      md5: 86b31315b05f2d4101cc7bd8b6666052
      size: 906708
  preprocess:
    cmd: python -m automated_support_ticket_classification.data.preprocess
    deps:
    - path: data/raw/tickets.csv
      hash: md5
      md5: 86b31315b05f2d4101cc7bd8b6666052
      size: 906708
    - path: src/automated_support_ticket_classification/config.py
      hash: md5
      md5: 3b71eae35bffff3c5eb9f4e71af0cbfb
      size: 2895
    - path: src/automated_support_ticket_classification/data/preprocess.py
      hash: md5
      md5: 6408de165c9b5bbff19678f132c4f0ed
      size: 1158
    - path: src/automated_support_ticket_classification/logger.py
      hash: md5
      md5: a37c008c162778b6c6ed86a6f448e526
      size: 631
    params:
      params.yaml:
        data.random_state: 42
        data.test_size: 0.2
    outs:
    - path: data/processed/test.csv
      hash: md5
      md5: 1ba17535cff4f9f4fca8c7ff99507ed3
      size: 180671
    - path: data/processed/train.csv
      hash: md5
      md5: 3241f2961c05afa5744f70dcf1f73aca
      size: 725268
  train:
    cmd: python -m automated_support_ticket_classification.models.train
    deps:
    - path: data/processed/test.csv
      hash: md5
      md5: 1ba17535cff4f9f4fca8c7ff99507ed3
      size: 180671
    - path: data/processed/train.csv
      hash: md5
      md5: 3241f2961c05afa5744f70dcf1f73aca
      size: 725268
    - path: src/automated_support_ticket_classification/config.py
      hash: md5
      md5: 3b71eae35bffff3c5eb9f4e71af0cbfb
      size: 2895
    - path: src/automated_support_ticket_classification/logger.py
      hash: md5
      md5: a37c008c162778b6c6ed86a6f448e526
      size: 631
    - path: src/automated_support_ticket_classification/models/train.py
      hash: md5
      md5: 97e5b8cac02d81325ecb23322184bd6b
      size: 2920
    params:
      params.yaml:
        model.C: 1.0
        model.max_features: 5000
        model.max_iter: 1000
        model.ngram_max: 2
    outs:
    - path: models/model.joblib
      hash: md5
      md5: b929633e391cd648ed8f786063029a8e
      size: 396977
  evaluate:
    cmd: python -m automated_support_ticket_classification.models.evaluate
    deps:
    - path: data/processed/test.csv
      hash: md5
      md5: 1ba17535cff4f9f4fca8c7ff99507ed3
      size: 180671
    - path: models/model.joblib
      hash: md5
      md5: b929633e391cd648ed8f786063029a8e
      size: 396977
    - path: src/automated_support_ticket_classification/config.py
      hash: md5
      md5: 3b71eae35bffff3c5eb9f4e71af0cbfb
      size: 2895
    - path: src/automated_support_ticket_classification/logger.py
      hash: md5
      md5: a37c008c162778b6c6ed86a6f448e526
      size: 631
    - path: src/automated_support_ticket_classification/models/evaluate.py
      hash: md5
      md5: 30e36be1586d294e08bc9b70a3cbdbb5
      size: 1123
    outs:
    - path: metrics/metrics.json
      hash: md5
      md5: dcb6592a67f4406564a5049f79ae0034
      size: 1337
  baselines:
    cmd: python -m automated_support_ticket_classification.models.baselines
    deps:
    - path: data/processed/test.csv
      hash: md5
      md5: 1ba17535cff4f9f4fca8c7ff99507ed3
      size: 180671
    - path: data/processed/train.csv
      hash: md5
      md5: 3241f2961c05afa5744f70dcf1f73aca
      size: 725268
    - path: models/model.joblib
      hash: md5
      md5: b929633e391cd648ed8f786063029a8e
      size: 396977
    - path: src/automated_support_ticket_classification/config.py
      hash: md5
      md5: 3b71eae35bffff3c5eb9f4e71af0cbfb
      size: 2895
    - path: src/automated_support_ticket_classification/logger.py
      hash: md5
      md5: a37c008c162778b6c6ed86a6f448e526
      size: 631
    - path: src/automated_support_ticket_classification/models/baselines.py
      hash: md5
      md5: 8676f467fcb9d5aff2ace4d315af21e5
      size: 4075
    - path: src/automated_support_ticket_classification/models/train.py
      hash: md5
      md5: 97e5b8cac02d81325ecb23322184bd6b
      size: 2920
    params:
      params.yaml:
        data.random_state: 42
        model.C: 1.0
        model.max_features: 5000
        model.ngram_max: 2
    outs:
    - path: metrics/baselines.json
      hash: md5
      md5: b75b79658bb18a032144968820d5c29a
      size: 572
  eval_india:
    cmd: python -m automated_support_ticket_classification.models.eval_india
    deps:
    - path: data/india_eval/india_messages.csv
      hash: md5
      md5: 0f417badfab4f16206d31a8f2729b23d
      size: 33
    - path: metrics/metrics.json
      hash: md5
      md5: dcb6592a67f4406564a5049f79ae0034
      size: 1337
    - path: models/model.joblib
      hash: md5
      md5: b929633e391cd648ed8f786063029a8e
      size: 396977
    - path: src/automated_support_ticket_classification/config.py
      hash: md5
      md5: 3b71eae35bffff3c5eb9f4e71af0cbfb
      size: 2895
    - path: src/automated_support_ticket_classification/data/preprocess.py
      hash: md5
      md5: 6408de165c9b5bbff19678f132c4f0ed
      size: 1158
    - path: src/automated_support_ticket_classification/logger.py
      hash: md5
      md5: a37c008c162778b6c6ed86a6f448e526
      size: 631
    - path: src/automated_support_ticket_classification/models/eval_india.py
      hash: md5
      md5: a7c3b07d74af668c2c4e68f44713e550
      size: 4946
    outs:
    - path: metrics/india.json
      hash: md5
      md5: 845abe8984f2932cd1324f04537d6226
      size: 86
