schema: '2.0'
stages:
  generate:
    cmd: python -m automated_support_ticket_classification.data.generate
    deps:
    - path: src/automated_support_ticket_classification/config.py
      hash: md5
      md5: a0ab5bc17ca73434f531715e3963f813
      size: 1646
    - path: src/automated_support_ticket_classification/data/generate.py
      hash: md5
      md5: 74cf0f69533113e614e8d110df440962
      size: 3506
    - path: src/automated_support_ticket_classification/logger.py
      hash: md5
      md5: a37c008c162778b6c6ed86a6f448e526
      size: 631
    params:
      params.yaml:
        data.n_samples: 3000
        data.random_state: 42
    outs:
    - path: data/raw/tickets.csv
      hash: md5
      md5: 4db1cbb9b2a62f0268b3519e95393e7b
      size: 185535
  preprocess:
    cmd: python -m automated_support_ticket_classification.data.preprocess
    deps:
    - path: data/raw/tickets.csv
      hash: md5
      md5: 4db1cbb9b2a62f0268b3519e95393e7b
      size: 185535
    - path: src/automated_support_ticket_classification/config.py
      hash: md5
      md5: a0ab5bc17ca73434f531715e3963f813
      size: 1646
    - path: src/automated_support_ticket_classification/data/preprocess.py
      hash: md5
      md5: 6408de165c9b5bbff19678f132c4f0ed
      size: 1158
    - path: src/automated_support_ticket_classification/logger.py
      hash: md5
      md5: a37c008c162778b6c6ed86a6f448e526
      size: 631
    params:
      params.yaml:
        data.random_state: 42
        data.test_size: 0.2
    outs:
    - path: data/processed/test.csv
      hash: md5
      md5: 31f297a81de0939ebbe2dfcc8240e76d
      size: 37098
    - path: data/processed/train.csv
      hash: md5
      md5: 4af89dc41c8f37ebeb6b3bf86d415848
      size: 148449
  train:
    cmd: python -m automated_support_ticket_classification.models.train
    deps:
    - path: data/processed/test.csv
      hash: md5
      md5: 31f297a81de0939ebbe2dfcc8240e76d
      size: 37098
    - path: data/processed/train.csv
      hash: md5
      md5: 4af89dc41c8f37ebeb6b3bf86d415848
      size: 148449
    - path: src/automated_support_ticket_classification/config.py
      hash: md5
      md5: a0ab5bc17ca73434f531715e3963f813
      size: 1646
    - path: src/automated_support_ticket_classification/logger.py
      hash: md5
      md5: a37c008c162778b6c6ed86a6f448e526
      size: 631
    - path: src/automated_support_ticket_classification/models/train.py
      hash: md5
      md5: c08be76e25cae83d6d393ca0d038a66f
      size: 2340
    params:
      params.yaml:
        model.C: 1.0
        model.max_features: 5000
        model.max_iter: 1000
        model.ngram_max: 1
    outs:
    - path: models/model.joblib
      hash: md5
      md5: ccfc81b3dd50f5c1641da1ae11cbcb0d
      size: 13713
  evaluate:
    cmd: python -m automated_support_ticket_classification.models.evaluate
    deps:
    - path: data/processed/test.csv
      hash: md5
      md5: 31f297a81de0939ebbe2dfcc8240e76d
      size: 37098
    - path: models/model.joblib
      hash: md5
      md5: ccfc81b3dd50f5c1641da1ae11cbcb0d
      size: 13713
    - path: src/automated_support_ticket_classification/config.py
      hash: md5
      md5: a0ab5bc17ca73434f531715e3963f813
      size: 1646
    - path: src/automated_support_ticket_classification/logger.py
      hash: md5
      md5: a37c008c162778b6c6ed86a6f448e526
      size: 631
    - path: src/automated_support_ticket_classification/models/evaluate.py
      hash: md5
      md5: 30e36be1586d294e08bc9b70a3cbdbb5
      size: 1123
    outs:
    - path: metrics/metrics.json
      hash: md5
      md5: 27122b0995e3e0c325a4d447d610f41b
      size: 1269
