schema: '2.0'
stages:
  generate:
    cmd: python -m automated_support_ticket_classification.data.generate
    deps:
    - path: src/automated_support_ticket_classification/config.py
      hash: md5
      md5: ea8f0dc6ff04ca2bd60e33104d97d3bb
      size: 3841
    - path: src/automated_support_ticket_classification/data/banking77.py
      hash: md5
      md5: a13895d6830b1014ae56bf0e38165139
      size: 9378
    - path: src/automated_support_ticket_classification/data/generate.py
      hash: md5
      md5: 3110c3b2ff7148799c9e9d005d984756
      size: 4114
    - path: src/automated_support_ticket_classification/logger.py
      hash: md5
      md5: a37c008c162778b6c6ed86a6f448e526
      size: 631
    params:
      params.yaml:
        data.n_samples: 3000
        data.random_state: 42
        data.source: banking77
    outs:
    - path: data/raw/tickets.csv
      hash: md5
      md5: 86af78990a7d8d75d3cd9ba54a51e1bd
      size: 1264452
  preprocess:
    cmd: python -m automated_support_ticket_classification.data.preprocess
    deps:
    - path: data/raw/tickets.csv
      hash: md5
      md5: 86af78990a7d8d75d3cd9ba54a51e1bd
      size: 1264452
    - path: src/automated_support_ticket_classification/config.py
      hash: md5
      md5: ea8f0dc6ff04ca2bd60e33104d97d3bb
      size: 3841
    - path: src/automated_support_ticket_classification/data/preprocess.py
      hash: md5
      md5: 79595111049655232071026a6c102c10
      size: 2174
    - path: src/automated_support_ticket_classification/logger.py
      hash: md5
      md5: a37c008c162778b6c6ed86a6f448e526
      size: 631
    params:
      params.yaml:
        data.random_state: 42
        data.split: official
        data.test_size: 0.2
    outs:
    - path: data/processed/test.csv
      hash: md5
      md5: c12c9866ebb0bc669b567f0f082ecba8
      size: 265823
    - path: data/processed/train.csv
      hash: md5
      md5: d5e4491d4885f1cb76b8120b0fdef4a9
      size: 922443
  train:
    cmd: python -m automated_support_ticket_classification.models.train
    deps:
    - path: data/processed/test.csv
      hash: md5
      md5: c12c9866ebb0bc669b567f0f082ecba8
      size: 265823
    - path: data/processed/train.csv
      hash: md5
      md5: d5e4491d4885f1cb76b8120b0fdef4a9
      size: 922443
    - path: src/automated_support_ticket_classification/config.py
      hash: md5
      md5: ea8f0dc6ff04ca2bd60e33104d97d3bb
      size: 3841
    - path: src/automated_support_ticket_classification/logger.py
      hash: md5
      md5: a37c008c162778b6c6ed86a6f448e526
      size: 631
    - path: src/automated_support_ticket_classification/models/train.py
      hash: md5
      md5: d8d62370bc1516361ffdbbcfcc2d0b34
      size: 4035
    params:
      params.yaml:
        model.C: 1.0
        model.calibration: sigmoid
        model.max_features: 5000
        model.max_iter: 1000
        model.ngram_max: 2
        model.type: logreg
    outs:
    - path: models/model.joblib
      hash: md5
      md5: 7729c71a13b7905bf2969e07ddd7d5ff
      size: 396961
  evaluate:
    cmd: python -m automated_support_ticket_classification.models.evaluate
    deps:
    - path: data/processed/test.csv
      hash: md5
      md5: c12c9866ebb0bc669b567f0f082ecba8
      size: 265823
    - path: models/model.joblib
      hash: md5
      md5: 7729c71a13b7905bf2969e07ddd7d5ff
      size: 396961
    - path: src/automated_support_ticket_classification/config.py
      hash: md5
      md5: ea8f0dc6ff04ca2bd60e33104d97d3bb
      size: 3841
    - path: src/automated_support_ticket_classification/logger.py
      hash: md5
      md5: a37c008c162778b6c6ed86a6f448e526
      size: 631
    - path: src/automated_support_ticket_classification/models/evaluate.py
      hash: md5
      md5: 4721697687021672b98a108a6941328f
      size: 6141
    outs:
    - path: metrics/metrics.json
      hash: md5
      md5: 2ebb61c4902c954edbc4b964f2194682
      size: 1289
    - path: reports/confusion_matrix.csv
      hash: md5
      md5: 60bcc7624576d3df2c197c4fdd19aab8
      size: 167
    - path: reports/confusion_matrix.png
      hash: md5
      md5: a57a1057f329399213146f99551ec520
      size: 32446
    - path: reports/coverage_accuracy.csv
      hash: md5
      md5: dccf5425e83528fec4b8a8c396262323
      size: 368
    - path: reports/coverage_accuracy.png
      hash: md5
      md5: 35e0c5d15b79cf2ac2194c00d5696c4f
      size: 41997
    - path: reports/errors.csv
      hash: md5
      md5: 0a899a6359a6fcf1ddb07749c68e8729
      size: 24984
  baselines:
    cmd: python -m automated_support_ticket_classification.models.baselines
    deps:
    - path: data/processed/test.csv
      hash: md5
      md5: c12c9866ebb0bc669b567f0f082ecba8
      size: 265823
    - path: data/processed/train.csv
      hash: md5
      md5: d5e4491d4885f1cb76b8120b0fdef4a9
      size: 922443
    - path: models/model.joblib
      hash: md5
      md5: 0048b43ef5c8385e4d5717833101d049
      size: 396961
    - path: src/automated_support_ticket_classification/config.py
      hash: md5
      md5: 3b45255edff81899a78fb79f74df24d2
      size: 3153
    - path: src/automated_support_ticket_classification/logger.py
      hash: md5
      md5: a37c008c162778b6c6ed86a6f448e526
      size: 631
    - path: src/automated_support_ticket_classification/models/baselines.py
      hash: md5
      md5: 8676f467fcb9d5aff2ace4d315af21e5
      size: 4075
    - path: src/automated_support_ticket_classification/models/train.py
      hash: md5
      md5: 97e5b8cac02d81325ecb23322184bd6b
      size: 2920
    params:
      params.yaml:
        data.random_state: 42
        model.C: 1.0
        model.max_features: 5000
        model.ngram_max: 2
    outs:
    - path: metrics/baselines.json
      hash: md5
      md5: ea7c36406db1fd008a35c095c56b3e57
      size: 571
